// !$*UTF8*$!
{
	archiveVersion = 1;
	classes = {
	};
	objectVersion = 45;
	objects = {

/* Begin PBXBuildFile section */
		6320366011F76EA9002861C2 /* CXMLDocument_CreationExtensions.m in Sources */ = {isa = PBXBuildFile; fileRef = 6320363C11F76EA9002861C2 /* CXMLDocument_CreationExtensions.m */; };
		6320366211F76EA9002861C2 /* CXMLNode_CreationExtensions.m in Sources */ = {isa = PBXBuildFile; fileRef = 6320363E11F76EA9002861C2 /* CXMLNode_CreationExtensions.m */; };
		6320366411F76EA9002861C2 /* CXMLDocument.m in Sources */ = {isa = PBXBuildFile; fileRef = 6320364011F76EA9002861C2 /* CXMLDocument.m */; };
		6320366611F76EA9002861C2 /* CXMLDocument_PrivateExtensions.m in Sources */ = {isa = PBXBuildFile; fileRef = 6320364211F76EA9002861C2 /* CXMLDocument_PrivateExtensions.m */; };
		6320366811F76EA9002861C2 /* CXMLElement.m in Sources */ = {isa = PBXBuildFile; fileRef = 6320364411F76EA9002861C2 /* CXMLElement.m */; };
		6320366A11F76EA9002861C2 /* CXMLElement_CreationExtensions.m in Sources */ = {isa = PBXBuildFile; fileRef = 6320364611F76EA9002861C2 /* CXMLElement_CreationExtensions.m */; };
		6320366C11F76EA9002861C2 /* CXMLElement_ElementTreeExtensions.m in Sources */ = {isa = PBXBuildFile; fileRef = 6320364811F76EA9002861C2 /* CXMLElement_ElementTreeExtensions.m */; };
		6320366E11F76EA9002861C2 /* CXMLNode.m in Sources */ = {isa = PBXBuildFile; fileRef = 6320364A11F76EA9002861C2 /* CXMLNode.m */; };
		6320367011F76EA9002861C2 /* CXMLNode_PrivateExtensions.m in Sources */ = {isa = PBXBuildFile; fileRef = 6320364C11F76EA9002861C2 /* CXMLNode_PrivateExtensions.m */; };
		6320367211F76EA9002861C2 /* CXMLNode_XPathExtensions.m in Sources */ = {isa = PBXBuildFile; fileRef = 6320364E11F76EA9002861C2 /* CXMLNode_XPathExtensions.m */; };
		6320367411F76EA9002861C2 /* CTidy.m in Sources */ = {isa = PBXBuildFile; fileRef = 6320365111F76EA9002861C2 /* CTidy.m */; };
		6320367611F76EA9002861C2 /* MLFile.m in Sources */ = {isa = PBXBuildFile; fileRef = 6320365411F76EA9002861C2 /* MLFile.m */; };
		6320367711F76EA9002861C2 /* MLLabel.m in Sources */ = {isa = PBXBuildFile; fileRef = 6320365511F76EA9002861C2 /* MLLabel.m */; };
		6320367811F76EA9002861C2 /* MLMediaLibrary.m in Sources */ = {isa = PBXBuildFile; fileRef = 6320365611F76EA9002861C2 /* MLMediaLibrary.m */; };
		6320367911F76EA9002861C2 /* MLMovieInfoGrabber.m in Sources */ = {isa = PBXBuildFile; fileRef = 6320365711F76EA9002861C2 /* MLMovieInfoGrabber.m */; };
		6320367A11F76EA9002861C2 /* MLShow.m in Sources */ = {isa = PBXBuildFile; fileRef = 6320365811F76EA9002861C2 /* MLShow.m */; };
		6320367B11F76EA9002861C2 /* MLShowEpisode.m in Sources */ = {isa = PBXBuildFile; fileRef = 6320365911F76EA9002861C2 /* MLShowEpisode.m */; };
		6320367C11F76EA9002861C2 /* MLTitleDecrapifier.m in Sources */ = {isa = PBXBuildFile; fileRef = 6320365A11F76EA9002861C2 /* MLTitleDecrapifier.m */; };
		6320367D11F76EA9002861C2 /* MLTVShowEpisodesInfoGrabber.m in Sources */ = {isa = PBXBuildFile; fileRef = 6320365B11F76EA9002861C2 /* MLTVShowEpisodesInfoGrabber.m */; };
		6320367E11F76EA9002861C2 /* MLTVShowInfoGrabber.m in Sources */ = {isa = PBXBuildFile; fileRef = 6320365C11F76EA9002861C2 /* MLTVShowInfoGrabber.m */; };
		6320367F11F76EA9002861C2 /* MLURLConnection.m in Sources */ = {isa = PBXBuildFile; fileRef = 6320365D11F76EA9002861C2 /* MLURLConnection.m */; };
		6320368011F76EA9002861C2 /* NSXMLNode_Additions.m in Sources */ = {isa = PBXBuildFile; fileRef = 6320365E11F76EA9002861C2 /* NSXMLNode_Additions.m */; };
		63C092E911F77CF200A824BC /* MediaLibrary.xcdatamodel in Sources */ = {isa = PBXBuildFile; fileRef = 63C092E811F77CF200A824BC /* MediaLibrary.xcdatamodel */; };
		63C093DB11F78D8100A824BC /* MLThumbnailerQueue.m in Sources */ = {isa = PBXBuildFile; fileRef = 63C093D911F78D8100A824BC /* MLThumbnailerQueue.m */; };
		63CD005D12109CD100414314 /* MLFileParserQueue.m in Sources */ = {isa = PBXBuildFile; fileRef = 63CD005C12109CD100414314 /* MLFileParserQueue.m */; };
		7A37EDB71208A1F000D41964 /* MLShowEpisode.h in Copy Public headers */ = {isa = PBXBuildFile; fileRef = 63C0920A11F776D300A824BC /* MLShowEpisode.h */; };
		7A37EDB81208A1F000D41964 /* MLFile.h in Copy Public headers */ = {isa = PBXBuildFile; fileRef = 6320368E11F76EC3002861C2 /* MLFile.h */; };
		7A37EDB91208A1F000D41964 /* MLLabel.h in Copy Public headers */ = {isa = PBXBuildFile; fileRef = 6320368F11F76EC3002861C2 /* MLLabel.h */; };
		7A37EDBA1208A1F000D41964 /* MLMediaLibrary.h in Copy Public headers */ = {isa = PBXBuildFile; fileRef = 6320369011F76EC3002861C2 /* MLMediaLibrary.h */; };
		7A37EDBB1208A1F000D41964 /* MLShow.h in Copy Public headers */ = {isa = PBXBuildFile; fileRef = 6320369111F76EC3002861C2 /* MLShow.h */; };
		AACBBE4A0F95108600F1A2B1 /* Foundation.framework in Frameworks */ = {isa = PBXBuildFile; fileRef = AACBBE490F95108600F1A2B1 /* Foundation.framework */; };
/* End PBXBuildFile section */

/* Begin PBXCopyFilesBuildPhase section */
		7A840DEB11EFB2FB00EAE5BE /* Copy Public headers */ = {
			isa = PBXCopyFilesBuildPhase;
			buildActionMask = 2147483647;
			dstPath = include/MediaLibraryKit;
			dstSubfolderSpec = 16;
			files = (
				7A37EDB71208A1F000D41964 /* MLShowEpisode.h in Copy Public headers */,
				7A37EDB81208A1F000D41964 /* MLFile.h in Copy Public headers */,
				7A37EDB91208A1F000D41964 /* MLLabel.h in Copy Public headers */,
				7A37EDBA1208A1F000D41964 /* MLMediaLibrary.h in Copy Public headers */,
				7A37EDBB1208A1F000D41964 /* MLShow.h in Copy Public headers */,
			);
			name = "Copy Public headers";
			runOnlyForDeploymentPostprocessing = 0;
		};
		7A840DEC11EFB2FB00EAE5BE /* Copy Resource files */ = {
			isa = PBXCopyFilesBuildPhase;
			buildActionMask = 2147483647;
			dstPath = "";
			dstSubfolderSpec = 16;
			files = (
			);
			name = "Copy Resource files";
			runOnlyForDeploymentPostprocessing = 0;
		};
/* End PBXCopyFilesBuildPhase section */

/* Begin PBXFileReference section */
		6320363B11F76EA9002861C2 /* CXMLDocument_CreationExtensions.h */ = {isa = PBXFileReference; fileEncoding = 4; lastKnownFileType = sourcecode.c.h; path = CXMLDocument_CreationExtensions.h; sourceTree = "<group>"; };
		6320363C11F76EA9002861C2 /* CXMLDocument_CreationExtensions.m */ = {isa = PBXFileReference; fileEncoding = 4; lastKnownFileType = sourcecode.c.objc; path = CXMLDocument_CreationExtensions.m; sourceTree = "<group>"; };
		6320363D11F76EA9002861C2 /* CXMLNode_CreationExtensions.h */ = {isa = PBXFileReference; fileEncoding = 4; lastKnownFileType = sourcecode.c.h; path = CXMLNode_CreationExtensions.h; sourceTree = "<group>"; };
		6320363E11F76EA9002861C2 /* CXMLNode_CreationExtensions.m */ = {isa = PBXFileReference; fileEncoding = 4; lastKnownFileType = sourcecode.c.objc; path = CXMLNode_CreationExtensions.m; sourceTree = "<group>"; };
		6320363F11F76EA9002861C2 /* CXMLDocument.h */ = {isa = PBXFileReference; fileEncoding = 4; lastKnownFileType = sourcecode.c.h; path = CXMLDocument.h; sourceTree = "<group>"; };
		6320364011F76EA9002861C2 /* CXMLDocument.m */ = {isa = PBXFileReference; fileEncoding = 4; lastKnownFileType = sourcecode.c.objc; path = CXMLDocument.m; sourceTree = "<group>"; };
		6320364111F76EA9002861C2 /* CXMLDocument_PrivateExtensions.h */ = {isa = PBXFileReference; fileEncoding = 4; lastKnownFileType = sourcecode.c.h; path = CXMLDocument_PrivateExtensions.h; sourceTree = "<group>"; };
		6320364211F76EA9002861C2 /* CXMLDocument_PrivateExtensions.m */ = {isa = PBXFileReference; fileEncoding = 4; lastKnownFileType = sourcecode.c.objc; path = CXMLDocument_PrivateExtensions.m; sourceTree = "<group>"; };
		6320364311F76EA9002861C2 /* CXMLElement.h */ = {isa = PBXFileReference; fileEncoding = 4; lastKnownFileType = sourcecode.c.h; path = CXMLElement.h; sourceTree = "<group>"; };
		6320364411F76EA9002861C2 /* CXMLElement.m */ = {isa = PBXFileReference; fileEncoding = 4; lastKnownFileType = sourcecode.c.objc; path = CXMLElement.m; sourceTree = "<group>"; };
		6320364511F76EA9002861C2 /* CXMLElement_CreationExtensions.h */ = {isa = PBXFileReference; fileEncoding = 4; lastKnownFileType = sourcecode.c.h; path = CXMLElement_CreationExtensions.h; sourceTree = "<group>"; };
		6320364611F76EA9002861C2 /* CXMLElement_CreationExtensions.m */ = {isa = PBXFileReference; fileEncoding = 4; lastKnownFileType = sourcecode.c.objc; path = CXMLElement_CreationExtensions.m; sourceTree = "<group>"; };
		6320364711F76EA9002861C2 /* CXMLElement_ElementTreeExtensions.h */ = {isa = PBXFileReference; fileEncoding = 4; lastKnownFileType = sourcecode.c.h; path = CXMLElement_ElementTreeExtensions.h; sourceTree = "<group>"; };
		6320364811F76EA9002861C2 /* CXMLElement_ElementTreeExtensions.m */ = {isa = PBXFileReference; fileEncoding = 4; lastKnownFileType = sourcecode.c.objc; path = CXMLElement_ElementTreeExtensions.m; sourceTree = "<group>"; };
		6320364911F76EA9002861C2 /* CXMLNode.h */ = {isa = PBXFileReference; fileEncoding = 4; lastKnownFileType = sourcecode.c.h; path = CXMLNode.h; sourceTree = "<group>"; };
		6320364A11F76EA9002861C2 /* CXMLNode.m */ = {isa = PBXFileReference; fileEncoding = 4; lastKnownFileType = sourcecode.c.objc; path = CXMLNode.m; sourceTree = "<group>"; };
		6320364B11F76EA9002861C2 /* CXMLNode_PrivateExtensions.h */ = {isa = PBXFileReference; fileEncoding = 4; lastKnownFileType = sourcecode.c.h; path = CXMLNode_PrivateExtensions.h; sourceTree = "<group>"; };
		6320364C11F76EA9002861C2 /* CXMLNode_PrivateExtensions.m */ = {isa = PBXFileReference; fileEncoding = 4; lastKnownFileType = sourcecode.c.objc; path = CXMLNode_PrivateExtensions.m; sourceTree = "<group>"; };
		6320364D11F76EA9002861C2 /* CXMLNode_XPathExtensions.h */ = {isa = PBXFileReference; fileEncoding = 4; lastKnownFileType = sourcecode.c.h; path = CXMLNode_XPathExtensions.h; sourceTree = "<group>"; };
		6320364E11F76EA9002861C2 /* CXMLNode_XPathExtensions.m */ = {isa = PBXFileReference; fileEncoding = 4; lastKnownFileType = sourcecode.c.objc; path = CXMLNode_XPathExtensions.m; sourceTree = "<group>"; };
		6320365011F76EA9002861C2 /* CTidy.h */ = {isa = PBXFileReference; fileEncoding = 4; lastKnownFileType = sourcecode.c.h; path = CTidy.h; sourceTree = "<group>"; };
		6320365111F76EA9002861C2 /* CTidy.m */ = {isa = PBXFileReference; fileEncoding = 4; lastKnownFileType = sourcecode.c.objc; path = CTidy.m; sourceTree = "<group>"; };
		6320365211F76EA9002861C2 /* TouchXML.h */ = {isa = PBXFileReference; fileEncoding = 4; lastKnownFileType = sourcecode.c.h; path = TouchXML.h; sourceTree = "<group>"; };
		6320365411F76EA9002861C2 /* MLFile.m */ = {isa = PBXFileReference; fileEncoding = 4; lastKnownFileType = sourcecode.c.objc; path = MLFile.m; sourceTree = "<group>"; };
		6320365511F76EA9002861C2 /* MLLabel.m */ = {isa = PBXFileReference; fileEncoding = 4; lastKnownFileType = sourcecode.c.objc; path = MLLabel.m; sourceTree = "<group>"; };
		6320365611F76EA9002861C2 /* MLMediaLibrary.m */ = {isa = PBXFileReference; fileEncoding = 4; lastKnownFileType = sourcecode.c.objc; path = MLMediaLibrary.m; sourceTree = "<group>"; };
		6320365711F76EA9002861C2 /* MLMovieInfoGrabber.m */ = {isa = PBXFileReference; fileEncoding = 4; lastKnownFileType = sourcecode.c.objc; path = MLMovieInfoGrabber.m; sourceTree = "<group>"; };
		6320365811F76EA9002861C2 /* MLShow.m */ = {isa = PBXFileReference; fileEncoding = 4; lastKnownFileType = sourcecode.c.objc; path = MLShow.m; sourceTree = "<group>"; };
		6320365911F76EA9002861C2 /* MLShowEpisode.m */ = {isa = PBXFileReference; fileEncoding = 4; lastKnownFileType = sourcecode.c.objc; path = MLShowEpisode.m; sourceTree = "<group>"; };
		6320365A11F76EA9002861C2 /* MLTitleDecrapifier.m */ = {isa = PBXFileReference; fileEncoding = 4; lastKnownFileType = sourcecode.c.objc; path = MLTitleDecrapifier.m; sourceTree = "<group>"; };
		6320365B11F76EA9002861C2 /* MLTVShowEpisodesInfoGrabber.m */ = {isa = PBXFileReference; fileEncoding = 4; lastKnownFileType = sourcecode.c.objc; path = MLTVShowEpisodesInfoGrabber.m; sourceTree = "<group>"; };
		6320365C11F76EA9002861C2 /* MLTVShowInfoGrabber.m */ = {isa = PBXFileReference; fileEncoding = 4; lastKnownFileType = sourcecode.c.objc; path = MLTVShowInfoGrabber.m; sourceTree = "<group>"; };
		6320365D11F76EA9002861C2 /* MLURLConnection.m */ = {isa = PBXFileReference; fileEncoding = 4; lastKnownFileType = sourcecode.c.objc; path = MLURLConnection.m; sourceTree = "<group>"; };
		6320365E11F76EA9002861C2 /* NSXMLNode_Additions.m */ = {isa = PBXFileReference; fileEncoding = 4; lastKnownFileType = sourcecode.c.objc; path = NSXMLNode_Additions.m; sourceTree = "<group>"; };
		6320368511F76EC3002861C2 /* MLMovieInfoGrabber.h */ = {isa = PBXFileReference; fileEncoding = 4; lastKnownFileType = sourcecode.c.h; path = MLMovieInfoGrabber.h; sourceTree = "<group>"; };
		6320368711F76EC3002861C2 /* MLTitleDecrapifier.h */ = {isa = PBXFileReference; fileEncoding = 4; lastKnownFileType = sourcecode.c.h; path = MLTitleDecrapifier.h; sourceTree = "<group>"; };
		6320368811F76EC3002861C2 /* MLTVShowEpisodesInfoGrabber.h */ = {isa = PBXFileReference; fileEncoding = 4; lastKnownFileType = sourcecode.c.h; path = MLTVShowEpisodesInfoGrabber.h; sourceTree = "<group>"; };
		6320368911F76EC3002861C2 /* MLTVShowInfoGrabber.h */ = {isa = PBXFileReference; fileEncoding = 4; lastKnownFileType = sourcecode.c.h; path = MLTVShowInfoGrabber.h; sourceTree = "<group>"; };
		6320368A11F76EC3002861C2 /* MLURLConnection.h */ = {isa = PBXFileReference; fileEncoding = 4; lastKnownFileType = sourcecode.c.h; path = MLURLConnection.h; sourceTree = "<group>"; };
		6320368B11F76EC3002861C2 /* NSXMLNode_Additions.h */ = {isa = PBXFileReference; fileEncoding = 4; lastKnownFileType = sourcecode.c.h; path = NSXMLNode_Additions.h; sourceTree = "<group>"; };
		6320368C11F76EC3002861C2 /* TheTVDBGrabber.h */ = {isa = PBXFileReference; fileEncoding = 4; lastKnownFileType = sourcecode.c.h; path = TheTVDBGrabber.h; sourceTree = "<group>"; };
		6320368E11F76EC3002861C2 /* MLFile.h */ = {isa = PBXFileReference; fileEncoding = 4; lastKnownFileType = sourcecode.c.h; path = MLFile.h; sourceTree = "<group>"; };
		6320368F11F76EC3002861C2 /* MLLabel.h */ = {isa = PBXFileReference; fileEncoding = 4; lastKnownFileType = sourcecode.c.h; path = MLLabel.h; sourceTree = "<group>"; };
		6320369011F76EC3002861C2 /* MLMediaLibrary.h */ = {isa = PBXFileReference; fileEncoding = 4; lastKnownFileType = sourcecode.c.h; path = MLMediaLibrary.h; sourceTree = "<group>"; };
		6320369111F76EC3002861C2 /* MLShow.h */ = {isa = PBXFileReference; fileEncoding = 4; lastKnownFileType = sourcecode.c.h; path = MLShow.h; sourceTree = "<group>"; };
		63C0920A11F776D300A824BC /* MLShowEpisode.h */ = {isa = PBXFileReference; fileEncoding = 4; lastKnownFileType = sourcecode.c.h; path = MLShowEpisode.h; sourceTree = "<group>"; };
		63C092E811F77CF200A824BC /* MediaLibrary.xcdatamodel */ = {isa = PBXFileReference; fileEncoding = 4; lastKnownFileType = wrapper.xcdatamodel; path = MediaLibrary.xcdatamodel; sourceTree = SOURCE_ROOT; };
		63C093D811F78D8100A824BC /* MLThumbnailerQueue.h */ = {isa = PBXFileReference; fileEncoding = 4; lastKnownFileType = sourcecode.c.h; path = MLThumbnailerQueue.h; sourceTree = "<group>"; };
		63C093D911F78D8100A824BC /* MLThumbnailerQueue.m */ = {isa = PBXFileReference; fileEncoding = 4; lastKnownFileType = sourcecode.c.objc; path = MLThumbnailerQueue.m; sourceTree = "<group>"; };
		63CD005B12109CD100414314 /* MLFileParserQueue.h */ = {isa = PBXFileReference; fileEncoding = 4; lastKnownFileType = sourcecode.c.h; path = MLFileParserQueue.h; sourceTree = "<group>"; };
		63CD005C12109CD100414314 /* MLFileParserQueue.m */ = {isa = PBXFileReference; fileEncoding = 4; lastKnownFileType = sourcecode.c.objc; path = MLFileParserQueue.m; sourceTree = "<group>"; };
		7A37ED0112089E4A00D41964 /* MobileVLCKit.h */ = {isa = PBXFileReference; fileEncoding = 4; lastKnownFileType = sourcecode.c.h; path = MobileVLCKit.h; sourceTree = "<group>"; };
		7A37ED0212089E4A00D41964 /* VLCAudio.h */ = {isa = PBXFileReference; fileEncoding = 4; lastKnownFileType = sourcecode.c.h; path = VLCAudio.h; sourceTree = "<group>"; };
		7A37ED0312089E4A00D41964 /* VLCLibrary.h */ = {isa = PBXFileReference; fileEncoding = 4; lastKnownFileType = sourcecode.c.h; path = VLCLibrary.h; sourceTree = "<group>"; };
		7A37ED0412089E4A00D41964 /* VLCMedia.h */ = {isa = PBXFileReference; fileEncoding = 4; lastKnownFileType = sourcecode.c.h; path = VLCMedia.h; sourceTree = "<group>"; };
		7A37ED0512089E4A00D41964 /* VLCMediaDiscoverer.h */ = {isa = PBXFileReference; fileEncoding = 4; lastKnownFileType = sourcecode.c.h; path = VLCMediaDiscoverer.h; sourceTree = "<group>"; };
		7A37ED0612089E4A00D41964 /* VLCMediaList.h */ = {isa = PBXFileReference; fileEncoding = 4; lastKnownFileType = sourcecode.c.h; path = VLCMediaList.h; sourceTree = "<group>"; };
		7A37ED0712089E4A00D41964 /* VLCMediaPlayer.h */ = {isa = PBXFileReference; fileEncoding = 4; lastKnownFileType = sourcecode.c.h; path = VLCMediaPlayer.h; sourceTree = "<group>"; };
		7A37ED0812089E4A00D41964 /* VLCMediaThumbnailer.h */ = {isa = PBXFileReference; fileEncoding = 4; lastKnownFileType = sourcecode.c.h; path = VLCMediaThumbnailer.h; sourceTree = "<group>"; };
		7A37ED0912089E4A00D41964 /* VLCTime.h */ = {isa = PBXFileReference; fileEncoding = 4; lastKnownFileType = sourcecode.c.h; path = VLCTime.h; sourceTree = "<group>"; };
		7A37ED0A12089E4A00D41964 /* libMobileVLCKit.a */ = {isa = PBXFileReference; lastKnownFileType = archive.ar; path = libMobileVLCKit.a; sourceTree = "<group>"; };
		AA747D9E0F9514B9006C5449 /* MobileMediaLibraryKit_Prefix.pch */ = {isa = PBXFileReference; fileEncoding = 4; lastKnownFileType = sourcecode.c.h; path = MobileMediaLibraryKit_Prefix.pch; sourceTree = SOURCE_ROOT; };
		AACBBE490F95108600F1A2B1 /* Foundation.framework */ = {isa = PBXFileReference; lastKnownFileType = wrapper.framework; name = Foundation.framework; path = System/Library/Frameworks/Foundation.framework; sourceTree = SDKROOT; };
		D2AAC07E0554694100DB518D /* libMobileMediaLibraryKit.a */ = {isa = PBXFileReference; explicitFileType = archive.ar; includeInIndex = 0; path = libMobileMediaLibraryKit.a; sourceTree = BUILT_PRODUCTS_DIR; };
/* End PBXFileReference section */

/* Begin PBXFrameworksBuildPhase section */
		D2AAC07C0554694100DB518D /* Frameworks */ = {
			isa = PBXFrameworksBuildPhase;
			buildActionMask = 2147483647;
			files = (
				AACBBE4A0F95108600F1A2B1 /* Foundation.framework in Frameworks */,
			);
			runOnlyForDeploymentPostprocessing = 0;
		};
/* End PBXFrameworksBuildPhase section */

/* Begin PBXGroup section */
		034768DFFF38A50411DB9C8B /* Products */ = {
			isa = PBXGroup;
			children = (
				D2AAC07E0554694100DB518D /* libMobileMediaLibraryKit.a */,
			);
			name = Products;
			sourceTree = "<group>";
		};
		0867D691FE84028FC02AAC07 /* MobileMediaLibraryKit */ = {
			isa = PBXGroup;
			children = (
				6320368311F76EC3002861C2 /* Headers */,
				6320363711F76EA9002861C2 /* External */,
				6320365311F76EA9002861C2 /* Sources */,
				32C88DFF0371C24200C91783 /* Other Sources */,
				0867D69AFE84028FC02AAC07 /* Frameworks */,
				034768DFFF38A50411DB9C8B /* Products */,
			);
			name = MobileMediaLibraryKit;
			sourceTree = "<group>";
		};
		0867D69AFE84028FC02AAC07 /* Frameworks */ = {
			isa = PBXGroup;
			children = (
				AACBBE490F95108600F1A2B1 /* Foundation.framework */,
			);
			name = Frameworks;
			sourceTree = "<group>";
		};
		32C88DFF0371C24200C91783 /* Other Sources */ = {
			isa = PBXGroup;
			children = (
				AA747D9E0F9514B9006C5449 /* MobileMediaLibraryKit_Prefix.pch */,
			);
			name = "Other Sources";
			sourceTree = "<group>";
		};
		6320363711F76EA9002861C2 /* External */ = {
			isa = PBXGroup;
			children = (
				7A37ECFE12089E4A00D41964 /* MobileVLCKit */,
				6320363811F76EA9002861C2 /* TouchXML */,
			);
			path = External;
			sourceTree = "<group>";
		};
		6320363811F76EA9002861C2 /* TouchXML */ = {
			isa = PBXGroup;
			children = (
				6320363911F76EA9002861C2 /* Source */,
			);
			path = TouchXML;
			sourceTree = "<group>";
		};
		6320363911F76EA9002861C2 /* Source */ = {
			isa = PBXGroup;
			children = (
				6320363A11F76EA9002861C2 /* Creation */,
				6320363F11F76EA9002861C2 /* CXMLDocument.h */,
				6320364011F76EA9002861C2 /* CXMLDocument.m */,
				6320364111F76EA9002861C2 /* CXMLDocument_PrivateExtensions.h */,
				6320364211F76EA9002861C2 /* CXMLDocument_PrivateExtensions.m */,
				6320364311F76EA9002861C2 /* CXMLElement.h */,
				6320364411F76EA9002861C2 /* CXMLElement.m */,
				6320364511F76EA9002861C2 /* CXMLElement_CreationExtensions.h */,
				6320364611F76EA9002861C2 /* CXMLElement_CreationExtensions.m */,
				6320364711F76EA9002861C2 /* CXMLElement_ElementTreeExtensions.h */,
				6320364811F76EA9002861C2 /* CXMLElement_ElementTreeExtensions.m */,
				6320364911F76EA9002861C2 /* CXMLNode.h */,
				6320364A11F76EA9002861C2 /* CXMLNode.m */,
				6320364B11F76EA9002861C2 /* CXMLNode_PrivateExtensions.h */,
				6320364C11F76EA9002861C2 /* CXMLNode_PrivateExtensions.m */,
				6320364D11F76EA9002861C2 /* CXMLNode_XPathExtensions.h */,
				6320364E11F76EA9002861C2 /* CXMLNode_XPathExtensions.m */,
				6320364F11F76EA9002861C2 /* Tidy */,
				6320365211F76EA9002861C2 /* TouchXML.h */,
			);
			path = Source;
			sourceTree = "<group>";
		};
		6320363A11F76EA9002861C2 /* Creation */ = {
			isa = PBXGroup;
			children = (
				6320363B11F76EA9002861C2 /* CXMLDocument_CreationExtensions.h */,
				6320363C11F76EA9002861C2 /* CXMLDocument_CreationExtensions.m */,
				6320363D11F76EA9002861C2 /* CXMLNode_CreationExtensions.h */,
				6320363E11F76EA9002861C2 /* CXMLNode_CreationExtensions.m */,
			);
			path = Creation;
			sourceTree = "<group>";
		};
		6320364F11F76EA9002861C2 /* Tidy */ = {
			isa = PBXGroup;
			children = (
				6320365011F76EA9002861C2 /* CTidy.h */,
				6320365111F76EA9002861C2 /* CTidy.m */,
			);
			path = Tidy;
			sourceTree = "<group>";
		};
		6320365311F76EA9002861C2 /* Sources */ = {
			isa = PBXGroup;
			children = (
				6320365411F76EA9002861C2 /* MLFile.m */,
				6320365511F76EA9002861C2 /* MLLabel.m */,
				6320365811F76EA9002861C2 /* MLShow.m */,
				6320365911F76EA9002861C2 /* MLShowEpisode.m */,
				6320365611F76EA9002861C2 /* MLMediaLibrary.m */,
				6320365711F76EA9002861C2 /* MLMovieInfoGrabber.m */,
				6320365A11F76EA9002861C2 /* MLTitleDecrapifier.m */,
				6320365B11F76EA9002861C2 /* MLTVShowEpisodesInfoGrabber.m */,
				6320365C11F76EA9002861C2 /* MLTVShowInfoGrabber.m */,
				6320365D11F76EA9002861C2 /* MLURLConnection.m */,
				6320365E11F76EA9002861C2 /* NSXMLNode_Additions.m */,
				63C093D811F78D8100A824BC /* MLThumbnailerQueue.h */,
				63C093D911F78D8100A824BC /* MLThumbnailerQueue.m */,
				63CD005B12109CD100414314 /* MLFileParserQueue.h */,
				63CD005C12109CD100414314 /* MLFileParserQueue.m */,
				63C092E811F77CF200A824BC /* MediaLibrary.xcdatamodel */,
			);
			path = Sources;
			sourceTree = "<group>";
		};
		6320368311F76EC3002861C2 /* Headers */ = {
			isa = PBXGroup;
			children = (
				6320368411F76EC3002861C2 /* Internal */,
				6320368D11F76EC3002861C2 /* Public */,
			);
			path = Headers;
			sourceTree = "<group>";
		};
		6320368411F76EC3002861C2 /* Internal */ = {
			isa = PBXGroup;
			children = (
				6320368511F76EC3002861C2 /* MLMovieInfoGrabber.h */,
				6320368711F76EC3002861C2 /* MLTitleDecrapifier.h */,
				6320368811F76EC3002861C2 /* MLTVShowEpisodesInfoGrabber.h */,
				6320368911F76EC3002861C2 /* MLTVShowInfoGrabber.h */,
				6320368A11F76EC3002861C2 /* MLURLConnection.h */,
				6320368B11F76EC3002861C2 /* NSXMLNode_Additions.h */,
				6320368C11F76EC3002861C2 /* TheTVDBGrabber.h */,
			);
			path = Internal;
			sourceTree = "<group>";
		};
		6320368D11F76EC3002861C2 /* Public */ = {
			isa = PBXGroup;
			children = (
				63C0920A11F776D300A824BC /* MLShowEpisode.h */,
				6320368E11F76EC3002861C2 /* MLFile.h */,
				6320368F11F76EC3002861C2 /* MLLabel.h */,
				6320369011F76EC3002861C2 /* MLMediaLibrary.h */,
				6320369111F76EC3002861C2 /* MLShow.h */,
			);
			path = Public;
			sourceTree = "<group>";
		};
		7A37ECFE12089E4A00D41964 /* MobileVLCKit */ = {
			isa = PBXGroup;
			children = (
				7A37ECFF12089E4A00D41964 /* include */,
				7A37ED0A12089E4A00D41964 /* libMobileVLCKit.a */,
			);
			path = MobileVLCKit;
			sourceTree = "<group>";
		};
		7A37ECFF12089E4A00D41964 /* include */ = {
			isa = PBXGroup;
			children = (
				7A37ED0012089E4A00D41964 /* MobileVLCKit */,
			);
			path = include;
			sourceTree = "<group>";
		};
		7A37ED0012089E4A00D41964 /* MobileVLCKit */ = {
			isa = PBXGroup;
			children = (
				7A37ED0112089E4A00D41964 /* MobileVLCKit.h */,
				7A37ED0212089E4A00D41964 /* VLCAudio.h */,
				7A37ED0312089E4A00D41964 /* VLCLibrary.h */,
				7A37ED0412089E4A00D41964 /* VLCMedia.h */,
				7A37ED0512089E4A00D41964 /* VLCMediaDiscoverer.h */,
				7A37ED0612089E4A00D41964 /* VLCMediaList.h */,
				7A37ED0712089E4A00D41964 /* VLCMediaPlayer.h */,
				7A37ED0812089E4A00D41964 /* VLCMediaThumbnailer.h */,
				7A37ED0912089E4A00D41964 /* VLCTime.h */,
			);
			path = MobileVLCKit;
			sourceTree = "<group>";
		};
/* End PBXGroup section */

/* Begin PBXNativeTarget section */
		D2AAC07D0554694100DB518D /* MobileMediaLibraryKit */ = {
			isa = PBXNativeTarget;
			buildConfigurationList = 1DEB921E08733DC00010E9CD /* Build configuration list for PBXNativeTarget "MobileMediaLibraryKit" */;
			buildPhases = (
				D2AAC07B0554694100DB518D /* Sources */,
				7A840DEB11EFB2FB00EAE5BE /* Copy Public headers */,
				7A840DEC11EFB2FB00EAE5BE /* Copy Resource files */,
				D2AAC07C0554694100DB518D /* Frameworks */,
			);
			buildRules = (
			);
			dependencies = (
			);
			name = MobileMediaLibraryKit;
			productName = MobileMediaLibraryKit;
			productReference = D2AAC07E0554694100DB518D /* libMobileMediaLibraryKit.a */;
			productType = "com.apple.product-type.library.static";
		};
/* End PBXNativeTarget section */

/* Begin PBXProject section */
		0867D690FE84028FC02AAC07 /* Project object */ = {
			isa = PBXProject;
			buildConfigurationList = 1DEB922208733DC00010E9CD /* Build configuration list for PBXProject "MobileMediaLibraryKit" */;
			compatibilityVersion = "Xcode 3.1";
			hasScannedForEncodings = 1;
			mainGroup = 0867D691FE84028FC02AAC07 /* MobileMediaLibraryKit */;
			productRefGroup = 034768DFFF38A50411DB9C8B /* Products */;
			projectDirPath = "";
			projectRoot = "";
			targets = (
				D2AAC07D0554694100DB518D /* MobileMediaLibraryKit */,
			);
		};
/* End PBXProject section */

/* Begin PBXSourcesBuildPhase section */
		D2AAC07B0554694100DB518D /* Sources */ = {
			isa = PBXSourcesBuildPhase;
			buildActionMask = 2147483647;
			files = (
				6320366011F76EA9002861C2 /* CXMLDocument_CreationExtensions.m in Sources */,
				6320366211F76EA9002861C2 /* CXMLNode_CreationExtensions.m in Sources */,
				6320366411F76EA9002861C2 /* CXMLDocument.m in Sources */,
				6320366611F76EA9002861C2 /* CXMLDocument_PrivateExtensions.m in Sources */,
				6320366811F76EA9002861C2 /* CXMLElement.m in Sources */,
				6320366A11F76EA9002861C2 /* CXMLElement_CreationExtensions.m in Sources */,
				6320366C11F76EA9002861C2 /* CXMLElement_ElementTreeExtensions.m in Sources */,
				6320366E11F76EA9002861C2 /* CXMLNode.m in Sources */,
				6320367011F76EA9002861C2 /* CXMLNode_PrivateExtensions.m in Sources */,
				6320367211F76EA9002861C2 /* CXMLNode_XPathExtensions.m in Sources */,
				6320367411F76EA9002861C2 /* CTidy.m in Sources */,
				6320367611F76EA9002861C2 /* MLFile.m in Sources */,
				6320367711F76EA9002861C2 /* MLLabel.m in Sources */,
				6320367811F76EA9002861C2 /* MLMediaLibrary.m in Sources */,
				6320367911F76EA9002861C2 /* MLMovieInfoGrabber.m in Sources */,
				6320367A11F76EA9002861C2 /* MLShow.m in Sources */,
				6320367B11F76EA9002861C2 /* MLShowEpisode.m in Sources */,
				6320367C11F76EA9002861C2 /* MLTitleDecrapifier.m in Sources */,
				6320367D11F76EA9002861C2 /* MLTVShowEpisodesInfoGrabber.m in Sources */,
				6320367E11F76EA9002861C2 /* MLTVShowInfoGrabber.m in Sources */,
				6320367F11F76EA9002861C2 /* MLURLConnection.m in Sources */,
				6320368011F76EA9002861C2 /* NSXMLNode_Additions.m in Sources */,
				63C092E911F77CF200A824BC /* MediaLibrary.xcdatamodel in Sources */,
				63C093DB11F78D8100A824BC /* MLThumbnailerQueue.m in Sources */,
				63CD005D12109CD100414314 /* MLFileParserQueue.m in Sources */,
			);
			runOnlyForDeploymentPostprocessing = 0;
		};
/* End PBXSourcesBuildPhase section */

/* Begin XCBuildConfiguration section */
		1DEB921F08733DC00010E9CD /* Debug */ = {
			isa = XCBuildConfiguration;
			buildSettings = {
				ALWAYS_SEARCH_USER_PATHS = NO;
				ARCHS = "$(ARCHS_STANDARD_32_BIT)";
				COPY_PHASE_STRIP = NO;
				DSTROOT = /tmp/MobileMediaLibraryKit.dst;
				GCC_DYNAMIC_NO_PIC = NO;
				GCC_ENABLE_FIX_AND_CONTINUE = YES;
				GCC_MODEL_TUNING = G5;
				GCC_OPTIMIZATION_LEVEL = 0;
				GCC_PRECOMPILE_PREFIX_HEADER = YES;
				GCC_PREFIX_HEADER = MobileMediaLibraryKit_Prefix.pch;
				HEADER_SEARCH_PATHS = /usr/include/libxml2;
				INSTALL_PATH = /usr/local/lib;
				LIBRARY_SEARCH_PATHS = (
					"$(inherited)",
					"\"$(SRCROOT)/External/MobileVLCKit\"",
				);
				PRODUCT_NAME = MobileMediaLibraryKit;
			};
			name = Debug;
		};
		1DEB922008733DC00010E9CD /* Release */ = {
			isa = XCBuildConfiguration;
			buildSettings = {
				ALWAYS_SEARCH_USER_PATHS = NO;
				ARCHS = "$(ARCHS_STANDARD_32_BIT)";
				DSTROOT = /tmp/MobileMediaLibraryKit.dst;
				GCC_MODEL_TUNING = G5;
				GCC_PRECOMPILE_PREFIX_HEADER = YES;
				GCC_PREFIX_HEADER = MobileMediaLibraryKit_Prefix.pch;
				HEADER_SEARCH_PATHS = /usr/include/libxml2;
				INSTALL_PATH = /usr/local/lib;
				LIBRARY_SEARCH_PATHS = (
					"$(inherited)",
					"\"$(SRCROOT)/External/MobileVLCKit\"",
				);
				PRODUCT_NAME = MobileMediaLibraryKit;
			};
			name = Release;
		};
		1DEB922308733DC00010E9CD /* Debug */ = {
			isa = XCBuildConfiguration;
			buildSettings = {
				ARCHS = "$(ARCHS_STANDARD_32_BIT)";
				GCC_C_LANGUAGE_STANDARD = c99;
				GCC_OPTIMIZATION_LEVEL = 0;
				GCC_WARN_ABOUT_RETURN_TYPE = YES;
				GCC_WARN_UNUSED_VARIABLE = YES;
				OTHER_LDFLAGS = "-ObjC";
				PREBINDING = NO;
				SDKROOT = iphoneos3.2;
			};
			name = Debug;
		};
		1DEB922408733DC00010E9CD /* Release */ = {
			isa = XCBuildConfiguration;
			buildSettings = {
				ARCHS = "$(ARCHS_STANDARD_32_BIT)";
				GCC_C_LANGUAGE_STANDARD = c99;
				GCC_WARN_ABOUT_RETURN_TYPE = YES;
				GCC_WARN_UNUSED_VARIABLE = YES;
				OTHER_LDFLAGS = "-ObjC";
				PREBINDING = NO;
				SDKROOT = iphoneos3.2;
			};
			name = Release;
		};
/* End XCBuildConfiguration section */

/* Begin XCConfigurationList section */
		1DEB921E08733DC00010E9CD /* Build configuration list for PBXNativeTarget "MobileMediaLibraryKit" */ = {
			isa = XCConfigurationList;
			buildConfigurations = (
				1DEB921F08733DC00010E9CD /* Debug */,
				1DEB922008733DC00010E9CD /* Release */,
			);
			defaultConfigurationIsVisible = 0;
			defaultConfigurationName = Release;
		};
		1DEB922208733DC00010E9CD /* Build configuration list for PBXProject "MobileMediaLibraryKit" */ = {
			isa = XCConfigurationList;
			buildConfigurations = (
				1DEB922308733DC00010E9CD /* Debug */,
				1DEB922408733DC00010E9CD /* Release */,
			);
			defaultConfigurationIsVisible = 0;
			defaultConfigurationName = Release;
		};
/* End XCConfigurationList section */
	};
	rootObject = 0867D690FE84028FC02AAC07 /* Project object */;
}
